github.com/cplieger/health v1.5.2 h1:EJcp1u5Me5ARd028gbchruhQqYEASMYuxB2cIrEB048=
github.com/cplieger/health v1.5.2/go.mod h1:ViT0fs8p3ZpM1yQeE0k5TroM0SCT/Q56MdKWpv4q9us=
github.com/cplieger/httpx/v4 v4.3.2 h1:Vba8zyuBmPpeRAKtS9luI/DD5aNoxU+oVO76GQwsIIM=
github.com/cplieger/httpx/v4 v4.3.2/go.mod h1:5zw0hQHzTI3P6WZHOkZtU/pNhgNCckXvvUykAsH+4PA=
github.com/cplieger/keyenc v1.0.4 h1:05UgFc/1WuJjiVh4akE42Pg9pb4xc65XzEzug6jSsAM=
github.com/cplieger/keyenc v1.0.4/go.mod h1:mTELWm83F5U4bcpkYcq9cF0WLS5dje6e89fd/U9Smm8=
github.com/cplieger/metrics/v3 v3.0.3 h1:Vv149r/UQJgv8BpS7zT15OJUJ2LGM3fL326FxrB4KM4=
github.com/cplieger/metrics/v3 v3.0.3/go.mod h1:e3k/oOBcWTqlxiJn4D7N+C3G7VugU/h2GLJMQDUQJRY=
github.com/cplieger/slogx v1.6.2 h1:PfF+3SugvCJn4jYFOWrrLt8CFp2AJVqmnrkxWEDSPGU=
github.com/cplieger/slogx v1.6.2/go.mod h1:X+e8ilaM7ZP4luCDEQyQNalymzgGmB8jk3fyz5h9FJQ=
github.com/cplieger/webhttp v1.23.2 h1:fuOZ+WbdCz2s/zs2JRcENx2XKjTZ9a2KAhRTr1iI2Kc=
github.com/cplieger/webhttp v1.23.2/go.mod h1:HkZOg1UwdKtz101082Ph9SaO4BY8rB0DIJLfGbaRa3k=
pgregory.net/rapid v1.3.0 h1:vBvO0VSqti75J1jjYqpgPNBLKMd1+gxa9fYo7vk/Exc=
pgregory.net/rapid v1.3.0/go.mod h1:dPlE4OBBxgXPqkP79flB6sJL1dx5azpI7HQ9MY9Z7uk=
