github.com/cplieger/atomicfile/v2 v2.0.1 h1:VCM4Vp4uXajHgFNweD9CuuRnqjczbLFnfXHXdWOaV9I=
github.com/cplieger/atomicfile/v2 v2.0.1/go.mod h1:KBWqpUfvJAbxQxoJNEje4oRe78iLGIjYZkbPYGjzxV4=
github.com/cplieger/health v1.1.2 h1:FskL5oUhfB11X0lLd2Kr0YVAcQmln86iFvnw3aiXg6Q=
github.com/cplieger/health v1.1.2/go.mod h1:INjkN9qJnR14X5AFqX6ymFaHvx51djYgk2oQb/gJ9u8=
github.com/cplieger/httpx v1.0.5 h1:t979x1G+20AgsT9iz8zdA9VAECPkx8U+npl/gKlfc9g=
github.com/cplieger/httpx v1.0.5/go.mod h1:luKty8jqtz5JiZQG4JEQiEPGbqXdo1m12BMSQ4XleA8=
github.com/cplieger/metrics/v2 v2.1.1 h1:wic58k2t8BJHrn7sZI1wv9zJCQO6gDDoEuXVbhd9CBc=
github.com/cplieger/metrics/v2 v2.1.1/go.mod h1:92d0LHn9dLuEuw/FcsO1ZHHrMtMcj2kAfuZiHt5ghZQ=
golang.org/x/sync v0.21.0 h1:HLII4xRRTtCRkxYp4HNFF0Js/Og6q2i++KXbg0gHCwM=
golang.org/x/sync v0.21.0/go.mod h1:9xrNwdLfx4jkKbNva9FpL6vEN7evnE43NNNJQ2LF3+0=
pgregory.net/rapid v1.3.0 h1:vBvO0VSqti75J1jjYqpgPNBLKMd1+gxa9fYo7vk/Exc=
pgregory.net/rapid v1.3.0/go.mod h1:dPlE4OBBxgXPqkP79flB6sJL1dx5azpI7HQ9MY9Z7uk=
